
Microsoft Visual Studio Solution File, Format Version 12.00
# Visual Studio Version 17
VisualStudioVersion = 17.7.34024.191
MinimumVisualStudioVersion = 10.0.40219.1
Project("{FAE04EC0-301F-11D3-BF4B-00C04F79EFBC}") = "ConsoleApp1", "ConsoleApp1\ConsoleApp1.csproj", "{7086E19C-33C2-452E-A67E-004A97CC6006}"
EndProject
Global
	GlobalSection(SolutionConfigurationPlatforms) = preSolution
		Debug|Any CPU = Debug|Any CPU
		Release|Any CPU = Release|Any CPU
	EndGlobalSection
	GlobalSection(ProjectConfigurationPlatforms) = postSolution
		{7086E19C-33C2-452E-A67E-004A97CC6006}.Debug|Any CPU.ActiveCfg = Debug|Any CPU
		{7086E19C-33C2-452E-A67E-004A97CC6006}.Debug|Any CPU.Build.0 = Debug|Any CPU
		{7086E19C-33C2-452E-A67E-004A97CC6006}.Release|Any CPU.ActiveCfg = Release|Any CPU
		{7086E19C-33C2-452E-A67E-004A97CC6006}.Release|Any CPU.Build.0 = Release|Any CPU
	EndGlobalSection
	GlobalSection(SolutionProperties) = preSolution
		HideSolutionNode = FALSE
	EndGlobalSection
	GlobalSection(ExtensibilityGlobals) = postSolution
		SolutionGuid = {EEC6C076-6687-4BD7-AB81-8E01E5A7C50D}
	EndGlobalSection
EndGlobal
